
Microsoft Visual Studio Solution File, Format Version 12.00
# Visual Studio 2013
VisualStudioVersion = 12.0.31101.0
MinimumVisualStudioVersion = 10.0.40219.1
Project("{8BC9CEB8-8B4A-11D0-8D11-00A0C91BC942}") = "HelloParser", "HelloParser\HelloParser.vcxproj", "{EBCAF214-D55E-4D8E-8A37-D3240BDF9264}"
EndProject
Project("{8BC9CEB8-8B4A-11D0-8D11-00A0C91BC942}") = "re2c", "external\re2c\re2c.vcxproj", "{5B7BD129-E32F-4B01-B5EF-2D03979E7214}"
EndProject
Project("{8BC9CEB8-8B4A-11D0-8D11-00A0C91BC942}") = "lemon", "external\lemon\lemon.vcxproj", "{8E4A8947-96FB-4DE9-A7CF-853C1630B643}"
EndProject
Project("{8BC9CEB8-8B4A-11D0-8D11-00A0C91BC942}") = "re2c_tutorial01", "re2c_tutorial\re2c_tutorial01\re2c_tutorial01.vcxproj", "{7CF1F660-9913-46A8-BA37-FB07BFB6EB8E}"
EndProject
Project("{8BC9CEB8-8B4A-11D0-8D11-00A0C91BC942}") = "re2c_tutorial02", "re2c_tutorial\re2c_tutorial02\re2c_tutorial02.vcxproj", "{5A3F0EA7-9ACD-42A9-9E50-1036E71FC231}"
EndProject
Project("{8BC9CEB8-8B4A-11D0-8D11-00A0C91BC942}") = "re2c_tutorial03", "re2c_tutorial\re2c_tutorial03\re2c_tutorial03.vcxproj", "{5D5567D7-C1E4-445B-B5F2-A7E1E702FD63}"
EndProject
Project("{2150E333-8FDC-42A3-9474-1A3956D46DE8}") = "re2c_tutorial", "re2c_tutorial", "{673E7444-6A6F-44E9-9230-5CBFC82DBD22}"
EndProject
Project("{8BC9CEB8-8B4A-11D0-8D11-00A0C91BC942}") = "re2c_tutorial04", "re2c_tutorial\re2c_tutorial04\re2c_tutorial04.vcxproj", "{E5B165CA-9CCB-4A36-89C3-6C9968D568C1}"
EndProject
Project("{8BC9CEB8-8B4A-11D0-8D11-00A0C91BC942}") = "re2c_tutorial05", "re2c_tutorial\re2c_tutorial05\re2c_tutorial05.vcxproj", "{732F100B-E2CA-46E8-BB2A-EE16A3FAF9B0}"
EndProject
Project("{8BC9CEB8-8B4A-11D0-8D11-00A0C91BC942}") = "re2c_tutorial06", "re2c_tutorial\re2c_tutorial06\re2c_tutorial06.vcxproj", "{555E3C71-E907-417E-8AF2-F796A0FE1C4A}"
EndProject
Project("{8BC9CEB8-8B4A-11D0-8D11-00A0C91BC942}") = "re2c_tutorial07", "re2c_tutorial\re2c_tutorial07\re2c_tutorial07.vcxproj", "{A017A291-5238-4F0A-B80F-28E9801100DC}"
EndProject
Project("{8BC9CEB8-8B4A-11D0-8D11-00A0C91BC942}") = "re2c_tutorial08", "re2c_tutorial\re2c_tutorial08\re2c_tutorial08.vcxproj", "{B6535668-F466-4CFA-94D4-DD10C271B43E}"
EndProject
Project("{8BC9CEB8-8B4A-11D0-8D11-00A0C91BC942}") = "re2c_tutorial09", "re2c_tutorial\re2c_tutorial09\re2c_tutorial09.vcxproj", "{C84A102A-B88D-41E8-86FA-0644B8149BEA}"
EndProject
Project("{8BC9CEB8-8B4A-11D0-8D11-00A0C91BC942}") = "re2c_tutorial10", "re2c_tutorial\re2c_tutorial10\re2c_tutorial10.vcxproj", "{2DD74C14-171E-47BE-A668-698DB6D7AF67}"
EndProject
Project("{8BC9CEB8-8B4A-11D0-8D11-00A0C91BC942}") = "re2c_tutorial11", "re2c_tutorial\re2c_tutorial11\re2c_tutorial11.vcxproj", "{00B9D0C1-83EF-4A93-8432-8B251B0EE547}"
EndProject
Project("{2150E333-8FDC-42A3-9474-1A3956D46DE8}") = "re2c_example", "re2c_example", "{A477CF62-8D93-4ACF-8967-480CA1B55557}"
EndProject
Project("{8BC9CEB8-8B4A-11D0-8D11-00A0C91BC942}") = "re2c_repeater", "re2c_example\re2c_repeater\re2c_repeater.vcxproj", "{ED1A1357-B3A1-4B87-B87D-DE79FFA2019E}"
EndProject
Project("{8BC9CEB8-8B4A-11D0-8D11-00A0C91BC942}") = "re2c_c", "re2c_example\re2c_c\re2c_c.vcxproj", "{23928235-757A-4526-8436-82A759C16B33}"
EndProject
Global
	GlobalSection(SolutionConfigurationPlatforms) = preSolution
		Debug|Win32 = Debug|Win32
		Release|Win32 = Release|Win32
	EndGlobalSection
	GlobalSection(ProjectConfigurationPlatforms) = postSolution
		{EBCAF214-D55E-4D8E-8A37-D3240BDF9264}.Debug|Win32.ActiveCfg = Debug|Win32
		{EBCAF214-D55E-4D8E-8A37-D3240BDF9264}.Debug|Win32.Build.0 = Debug|Win32
		{EBCAF214-D55E-4D8E-8A37-D3240BDF9264}.Release|Win32.ActiveCfg = Release|Win32
		{EBCAF214-D55E-4D8E-8A37-D3240BDF9264}.Release|Win32.Build.0 = Release|Win32
		{5B7BD129-E32F-4B01-B5EF-2D03979E7214}.Debug|Win32.ActiveCfg = Debug|Win32
		{5B7BD129-E32F-4B01-B5EF-2D03979E7214}.Release|Win32.ActiveCfg = Release|Win32
		{5B7BD129-E32F-4B01-B5EF-2D03979E7214}.Release|Win32.Build.0 = Release|Win32
		{8E4A8947-96FB-4DE9-A7CF-853C1630B643}.Debug|Win32.ActiveCfg = Debug|Win32
		{8E4A8947-96FB-4DE9-A7CF-853C1630B643}.Release|Win32.ActiveCfg = Release|Win32
		{8E4A8947-96FB-4DE9-A7CF-853C1630B643}.Release|Win32.Build.0 = Release|Win32
		{7CF1F660-9913-46A8-BA37-FB07BFB6EB8E}.Debug|Win32.ActiveCfg = Debug|Win32
		{7CF1F660-9913-46A8-BA37-FB07BFB6EB8E}.Debug|Win32.Build.0 = Debug|Win32
		{7CF1F660-9913-46A8-BA37-FB07BFB6EB8E}.Release|Win32.ActiveCfg = Release|Win32
		{7CF1F660-9913-46A8-BA37-FB07BFB6EB8E}.Release|Win32.Build.0 = Release|Win32
		{5A3F0EA7-9ACD-42A9-9E50-1036E71FC231}.Debug|Win32.ActiveCfg = Debug|Win32
		{5A3F0EA7-9ACD-42A9-9E50-1036E71FC231}.Debug|Win32.Build.0 = Debug|Win32
		{5A3F0EA7-9ACD-42A9-9E50-1036E71FC231}.Release|Win32.ActiveCfg = Release|Win32
		{5A3F0EA7-9ACD-42A9-9E50-1036E71FC231}.Release|Win32.Build.0 = Release|Win32
		{5D5567D7-C1E4-445B-B5F2-A7E1E702FD63}.Debug|Win32.ActiveCfg = Debug|Win32
		{5D5567D7-C1E4-445B-B5F2-A7E1E702FD63}.Debug|Win32.Build.0 = Debug|Win32
		{5D5567D7-C1E4-445B-B5F2-A7E1E702FD63}.Release|Win32.ActiveCfg = Release|Win32
		{5D5567D7-C1E4-445B-B5F2-A7E1E702FD63}.Release|Win32.Build.0 = Release|Win32
		{E5B165CA-9CCB-4A36-89C3-6C9968D568C1}.Debug|Win32.ActiveCfg = Debug|Win32
		{E5B165CA-9CCB-4A36-89C3-6C9968D568C1}.Debug|Win32.Build.0 = Debug|Win32
		{E5B165CA-9CCB-4A36-89C3-6C9968D568C1}.Release|Win32.ActiveCfg = Release|Win32
		{E5B165CA-9CCB-4A36-89C3-6C9968D568C1}.Release|Win32.Build.0 = Release|Win32
		{732F100B-E2CA-46E8-BB2A-EE16A3FAF9B0}.Debug|Win32.ActiveCfg = Debug|Win32
		{732F100B-E2CA-46E8-BB2A-EE16A3FAF9B0}.Debug|Win32.Build.0 = Debug|Win32
		{732F100B-E2CA-46E8-BB2A-EE16A3FAF9B0}.Release|Win32.ActiveCfg = Release|Win32
		{732F100B-E2CA-46E8-BB2A-EE16A3FAF9B0}.Release|Win32.Build.0 = Release|Win32
		{555E3C71-E907-417E-8AF2-F796A0FE1C4A}.Debug|Win32.ActiveCfg = Debug|Win32
		{555E3C71-E907-417E-8AF2-F796A0FE1C4A}.Debug|Win32.Build.0 = Debug|Win32
		{555E3C71-E907-417E-8AF2-F796A0FE1C4A}.Release|Win32.ActiveCfg = Release|Win32
		{555E3C71-E907-417E-8AF2-F796A0FE1C4A}.Release|Win32.Build.0 = Release|Win32
		{A017A291-5238-4F0A-B80F-28E9801100DC}.Debug|Win32.ActiveCfg = Debug|Win32
		{A017A291-5238-4F0A-B80F-28E9801100DC}.Debug|Win32.Build.0 = Debug|Win32
		{A017A291-5238-4F0A-B80F-28E9801100DC}.Release|Win32.ActiveCfg = Release|Win32
		{A017A291-5238-4F0A-B80F-28E9801100DC}.Release|Win32.Build.0 = Release|Win32
		{B6535668-F466-4CFA-94D4-DD10C271B43E}.Debug|Win32.ActiveCfg = Debug|Win32
		{B6535668-F466-4CFA-94D4-DD10C271B43E}.Debug|Win32.Build.0 = Debug|Win32
		{B6535668-F466-4CFA-94D4-DD10C271B43E}.Release|Win32.ActiveCfg = Release|Win32
		{B6535668-F466-4CFA-94D4-DD10C271B43E}.Release|Win32.Build.0 = Release|Win32
		{C84A102A-B88D-41E8-86FA-0644B8149BEA}.Debug|Win32.ActiveCfg = Debug|Win32
		{C84A102A-B88D-41E8-86FA-0644B8149BEA}.Debug|Win32.Build.0 = Debug|Win32
		{C84A102A-B88D-41E8-86FA-0644B8149BEA}.Release|Win32.ActiveCfg = Release|Win32
		{C84A102A-B88D-41E8-86FA-0644B8149BEA}.Release|Win32.Build.0 = Release|Win32
		{2DD74C14-171E-47BE-A668-698DB6D7AF67}.Debug|Win32.ActiveCfg = Debug|Win32
		{2DD74C14-171E-47BE-A668-698DB6D7AF67}.Debug|Win32.Build.0 = Debug|Win32
		{2DD74C14-171E-47BE-A668-698DB6D7AF67}.Release|Win32.ActiveCfg = Release|Win32
		{2DD74C14-171E-47BE-A668-698DB6D7AF67}.Release|Win32.Build.0 = Release|Win32
		{00B9D0C1-83EF-4A93-8432-8B251B0EE547}.Debug|Win32.ActiveCfg = Debug|Win32
		{00B9D0C1-83EF-4A93-8432-8B251B0EE547}.Debug|Win32.Build.0 = Debug|Win32
		{00B9D0C1-83EF-4A93-8432-8B251B0EE547}.Release|Win32.ActiveCfg = Release|Win32
		{00B9D0C1-83EF-4A93-8432-8B251B0EE547}.Release|Win32.Build.0 = Release|Win32
		{ED1A1357-B3A1-4B87-B87D-DE79FFA2019E}.Debug|Win32.ActiveCfg = Debug|Win32
		{ED1A1357-B3A1-4B87-B87D-DE79FFA2019E}.Debug|Win32.Build.0 = Debug|Win32
		{ED1A1357-B3A1-4B87-B87D-DE79FFA2019E}.Release|Win32.ActiveCfg = Release|Win32
		{ED1A1357-B3A1-4B87-B87D-DE79FFA2019E}.Release|Win32.Build.0 = Release|Win32
		{23928235-757A-4526-8436-82A759C16B33}.Debug|Win32.ActiveCfg = Debug|Win32
		{23928235-757A-4526-8436-82A759C16B33}.Debug|Win32.Build.0 = Debug|Win32
		{23928235-757A-4526-8436-82A759C16B33}.Release|Win32.ActiveCfg = Release|Win32
		{23928235-757A-4526-8436-82A759C16B33}.Release|Win32.Build.0 = Release|Win32
	EndGlobalSection
	GlobalSection(SolutionProperties) = preSolution
		HideSolutionNode = FALSE
	EndGlobalSection
	GlobalSection(NestedProjects) = preSolution
		{7CF1F660-9913-46A8-BA37-FB07BFB6EB8E} = {673E7444-6A6F-44E9-9230-5CBFC82DBD22}
		{5A3F0EA7-9ACD-42A9-9E50-1036E71FC231} = {673E7444-6A6F-44E9-9230-5CBFC82DBD22}
		{5D5567D7-C1E4-445B-B5F2-A7E1E702FD63} = {673E7444-6A6F-44E9-9230-5CBFC82DBD22}
		{E5B165CA-9CCB-4A36-89C3-6C9968D568C1} = {673E7444-6A6F-44E9-9230-5CBFC82DBD22}
		{732F100B-E2CA-46E8-BB2A-EE16A3FAF9B0} = {673E7444-6A6F-44E9-9230-5CBFC82DBD22}
		{555E3C71-E907-417E-8AF2-F796A0FE1C4A} = {673E7444-6A6F-44E9-9230-5CBFC82DBD22}
		{A017A291-5238-4F0A-B80F-28E9801100DC} = {673E7444-6A6F-44E9-9230-5CBFC82DBD22}
		{B6535668-F466-4CFA-94D4-DD10C271B43E} = {673E7444-6A6F-44E9-9230-5CBFC82DBD22}
		{C84A102A-B88D-41E8-86FA-0644B8149BEA} = {673E7444-6A6F-44E9-9230-5CBFC82DBD22}
		{2DD74C14-171E-47BE-A668-698DB6D7AF67} = {673E7444-6A6F-44E9-9230-5CBFC82DBD22}
		{00B9D0C1-83EF-4A93-8432-8B251B0EE547} = {673E7444-6A6F-44E9-9230-5CBFC82DBD22}
		{ED1A1357-B3A1-4B87-B87D-DE79FFA2019E} = {A477CF62-8D93-4ACF-8967-480CA1B55557}
		{23928235-757A-4526-8436-82A759C16B33} = {A477CF62-8D93-4ACF-8967-480CA1B55557}
	EndGlobalSection
EndGlobal
